
Microsoft Visual Studio Solution File, Format Version 12.00
# Visual Studio Version 16
VisualStudioVersion = 16.0.30114.105
MinimumVisualStudioVersion = 10.0.40219.1
Project("{FAE04EC0-301F-11D3-BF4B-00C04F79EFBC}") = "RetailManager", "src\RetailManager.csproj", "{294131F9-ADB5-4B4E-A0F4-AF9D5B5F46F5}"
EndProject
Project("{FAE04EC0-301F-11D3-BF4B-00C04F79EFBC}") = "MockUp", "MockUp\MockUp.csproj", "{D1ED1780-696F-4D67-86F4-A16DB07CC776}"
EndProject
Global
	GlobalSection(SolutionConfigurationPlatforms) = preSolution
		Debug|Any CPU = Debug|Any CPU
		Release|Any CPU = Release|Any CPU
	EndGlobalSection
	GlobalSection(SolutionProperties) = preSolution
		HideSolutionNode = FALSE
	EndGlobalSection
	GlobalSection(ProjectConfigurationPlatforms) = postSolution
		{294131F9-ADB5-4B4E-A0F4-AF9D5B5F46F5}.Debug|Any CPU.ActiveCfg = Debug|Any CPU
		{294131F9-ADB5-4B4E-A0F4-AF9D5B5F46F5}.Debug|Any CPU.Build.0 = Debug|Any CPU
		{294131F9-ADB5-4B4E-A0F4-AF9D5B5F46F5}.Release|Any CPU.ActiveCfg = Release|Any CPU
		{294131F9-ADB5-4B4E-A0F4-AF9D5B5F46F5}.Release|Any CPU.Build.0 = Release|Any CPU
		{D1ED1780-696F-4D67-86F4-A16DB07CC776}.Debug|Any CPU.ActiveCfg = Debug|Any CPU
		{D1ED1780-696F-4D67-86F4-A16DB07CC776}.Debug|Any CPU.Build.0 = Debug|Any CPU
		{D1ED1780-696F-4D67-86F4-A16DB07CC776}.Release|Any CPU.ActiveCfg = Release|Any CPU
		{D1ED1780-696F-4D67-86F4-A16DB07CC776}.Release|Any CPU.Build.0 = Release|Any CPU
	EndGlobalSection
EndGlobal
